
Microsoft Visual Studio Solution File, Format Version 12.00
# Visual Studio 15
VisualStudioVersion = 15.0.27703.2035
MinimumVisualStudioVersion = 10.0.40219.1
Project("{FAE04EC0-301F-11D3-BF4B-00C04F79EFBC}") = "SignalR.Net.StartSignalr", "StartSignalr\SignalR.Net.StartSignalr.csproj", "{A540862C-87E4-4074-B679-5BFAE175C5B9}"
EndProject
Project("{2150E333-8FDC-42A3-9474-1A3956D46DE8}") = "SignalR", "SignalR", "{D9F790B9-2EC5-463C-A3B9-1735F07CCCCB}"
EndProject
Project("{2150E333-8FDC-42A3-9474-1A3956D46DE8}") = "WPF", "WPF", "{86C76B0A-6CAA-4DD2-BD82-F355CD8CE04C}"
EndProject
Project("{2150E333-8FDC-42A3-9474-1A3956D46DE8}") = "ASP.NET", "ASP.NET", "{6D56979C-D8F0-4955-9635-2219AA47B921}"
EndProject
Project("{2150E333-8FDC-42A3-9474-1A3956D46DE8}") = "ASP.NET CORE", "ASP.NET CORE", "{2667C49B-E7D7-47D3-AC11-B7539AEE3E5E}"
EndProject
Project("{FAE04EC0-301F-11D3-BF4B-00C04F79EFBC}") = "SignalR.Net.SignalRSelfHost", "SignalRSelfHost\SignalR.Net.SignalRSelfHost.csproj", "{3A996DAC-7A15-4A1F-BB36-6475D3A5835E}"
EndProject
Project("{FAE04EC0-301F-11D3-BF4B-00C04F79EFBC}") = "SignalR.Net.JavaScriptClient", "JavaScriptClient\SignalR.Net.JavaScriptClient.csproj", "{15D7D8C7-7629-4A65-BBA7-417F80E8556D}"
EndProject
Project("{2150E333-8FDC-42A3-9474-1A3956D46DE8}") = "Web API", "Web API", "{FDBB07C5-4313-48D0-A487-CCD19EB4FCB8}"
EndProject
Project("{9A19103F-16F7-4668-BE54-9A1E7A4F7556}") = "AspNetCore.WebApi.Swagger", "AspNetCore.WebApi.Swagger\AspNetCore.WebApi.Swagger.csproj", "{BD906F85-8C17-4ADB-A512-E297E032236E}"
EndProject
Project("{2150E333-8FDC-42A3-9474-1A3956D46DE8}") = "MVC", "MVC", "{C575B2E6-3CF1-4983-9116-24F32BD41E4D}"
EndProject
Project("{9A19103F-16F7-4668-BE54-9A1E7A4F7556}") = "AspNetCore.MVC.Redis", "AspNetCore.MVC.Redis\AspNetCore.MVC.Redis.csproj", "{B84ABC7A-FD1D-417A-A9DD-C6DDB8C137AB}"
EndProject
Project("{2150E333-8FDC-42A3-9474-1A3956D46DE8}") = "Tools", "Tools", "{AA129E19-91CA-4041-8D8C-83589483BD6B}"
EndProject
Project("{FAE04EC0-301F-11D3-BF4B-00C04F79EFBC}") = "Tools.NPOI", "NPOI\Tools.NPOI.csproj", "{D4C1DCEE-277A-4E84-8003-9DEDA10170B8}"
EndProject
Project("{2150E333-8FDC-42A3-9474-1A3956D46DE8}") = "MicroService", "MicroService", "{64864376-8859-4092-87AE-A04AE120E887}"
EndProject
Project("{2150E333-8FDC-42A3-9474-1A3956D46DE8}") = "Ocelot", "Ocelot", "{E7112DE8-9DF2-4901-AE96-5015861BC7C0}"
EndProject
Project("{9A19103F-16F7-4668-BE54-9A1E7A4F7556}") = "MicroService.Ocelot.ClientService", "MicroService.ClientService\MicroService.Ocelot.ClientService.csproj", "{1DF83FED-7108-4175-800A-461F2A973EF3}"
EndProject
Project("{9A19103F-16F7-4668-BE54-9A1E7A4F7556}") = "MicroService.Ocelot.APIGateway", "MicroService.APIGateway\MicroService.Ocelot.APIGateway.csproj", "{FEC87F86-24E0-45C3-8E86-7C47DACEED88}"
EndProject
Project("{9A19103F-16F7-4668-BE54-9A1E7A4F7556}") = "MicroService.Ocelot.Common", "MicroService.Common\MicroService.Ocelot.Common.csproj", "{68E94CA0-A9C0-4E4B-9AB9-5FF8ADF4B194}"
EndProject
Project("{9A19103F-16F7-4668-BE54-9A1E7A4F7556}") = "MicroService.Ocelot.ProductService", "MicroService.Ocelot.ProductService\MicroService.Ocelot.ProductService.csproj", "{70E86E74-7A89-46DE-A7FC-E1259B71FC77}"
EndProject
Project("{FAE04EC0-301F-11D3-BF4B-00C04F79EFBC}") = "Tools.StackExchange.Redis", "Tools.StackExchange.Redis\Tools.StackExchange.Redis.csproj", "{79D2C861-7749-4F7D-B69E-54BF3379C6A5}"
EndProject
Project("{9A19103F-16F7-4668-BE54-9A1E7A4F7556}") = "AspNetCore.MVC.AuthenticationAndAuthorization", "AspNetCore.MVC.AuthenticationAndAuthorization\AspNetCore.MVC.AuthenticationAndAuthorization.csproj", "{199599AF-5C8C-4A45-82CB-E3155D28C65A}"
EndProject
Project("{9A19103F-16F7-4668-BE54-9A1E7A4F7556}") = "AspNetCore.WebApi.Authentication.JwtBearer", "AspNetCore.WebApi.JwtBearer\AspNetCore.WebApi.Authentication.JwtBearer.csproj", "{A21F92A3-2A4D-4FEE-A100-386EDC50039A}"
EndProject
Project("{2150E333-8FDC-42A3-9474-1A3956D46DE8}") = "MVC", "MVC", "{1AE46268-74BB-4107-8204-86FE563EF20D}"
EndProject
Project("{2150E333-8FDC-42A3-9474-1A3956D46DE8}") = "SelfCode", "SelfCode", "{612C92F9-369B-4989-A7F6-1FDB9114B5F0}"
EndProject
Project("{FAE04EC0-301F-11D3-BF4B-00C04F79EFBC}") = "AspNet.MVC.SelfCode.MVC", "AspNet.MVC.SelfCode.MVC\AspNet.MVC.SelfCode.MVC.csproj", "{89233F6A-3E88-4A7B-9BA4-9C24741740F4}"
EndProject
Project("{FAE04EC0-301F-11D3-BF4B-00C04F79EFBC}") = "AspNet.MVC.SelfCode.Routing", "AspNet.MVC.SelfCode.Routing\AspNet.MVC.SelfCode.Routing.csproj", "{85CC3B64-8551-4212-AAC0-7F5731ED2ABC}"
EndProject
Project("{FAE04EC0-301F-11D3-BF4B-00C04F79EFBC}") = "AspNet.MVC.SelfCode", "AspNet.MVC.SelfCode\AspNet.MVC.SelfCode.csproj", "{3E39ADF8-06D7-425F-9C44-5F1E7D41023C}"
EndProject
Project("{FAE04EC0-301F-11D3-BF4B-00C04F79EFBC}") = "AspNet.MVC.SelfCode.Web", "AspNet.MVC.SelfCode.Web\AspNet.MVC.SelfCode.Web.csproj", "{E30E4689-2299-45AA-B942-B390FDE5F39D}"
EndProject
Project("{2150E333-8FDC-42A3-9474-1A3956D46DE8}") = "Web API", "Web API", "{3ECC12B6-7CB4-4640-A58A-B1A4773EEA89}"
EndProject
Project("{FAE04EC0-301F-11D3-BF4B-00C04F79EFBC}") = "AspNet.WebApi.JwtBearer", "AspNet.WebApi.JwtBearer\AspNet.WebApi.JwtBearer.csproj", "{27AB9E01-930F-4AF6-A455-6BB407B3BD3E}"
EndProject
Project("{2150E333-8FDC-42A3-9474-1A3956D46DE8}") = "Common", "Common", "{ACA88906-0C02-4D7C-9509-D4132643B3BE}"
EndProject
Project("{9A19103F-16F7-4668-BE54-9A1E7A4F7556}") = "DotNet.Common", "DotNet.Common\DotNet.Common.csproj", "{9DA17D36-016D-4267-9A1B-A563398CC67E}"
EndProject
Project("{2150E333-8FDC-42A3-9474-1A3956D46DE8}") = "CSharp", "CSharp", "{723EECF1-B4B8-42A3-AEE0-8F6AA1058D20}"
EndProject
Project("{FAE04EC0-301F-11D3-BF4B-00C04F79EFBC}") = "CSharp.AccessingObjectsAcrossAppDomainBoundaries", "CSharp.AccessingObjectsAcrossAppDomainBoundaries\CSharp.AccessingObjectsAcrossAppDomainBoundaries.csproj", "{4F1F40A5-DCA8-43D4-A13C-04D7BB27577E}"
EndProject
Project("{9A19103F-16F7-4668-BE54-9A1E7A4F7556}") = "AspNetCore.WebApi.ILogger", "AspNetCore.WebApi.ILogger\AspNetCore.WebApi.ILogger.csproj", "{4DF2836A-AC4E-4D57-BB69-1BFD8923E46D}"
EndProject
Project("{2150E333-8FDC-42A3-9474-1A3956D46DE8}") = ".NET Framework", ".NET Framework", "{13E17E1D-EADB-40DE-ABE1-EB0D68BEE77F}"
EndProject
Project("{2150E333-8FDC-42A3-9474-1A3956D46DE8}") = ".NET Core", ".NET Core", "{4207F369-B230-433E-80B4-91B67BE4D610}"
EndProject
Project("{2150E333-8FDC-42A3-9474-1A3956D46DE8}") = "Standard", "Standard", "{D9B6436C-7B54-47A7-A6E6-384F518C1B93}"
EndProject
Project("{2150E333-8FDC-42A3-9474-1A3956D46DE8}") = "Roslyn", "Roslyn", "{0B9CA158-BB88-40D8-83C5-20CB770DBB2A}"
EndProject
Project("{FAE04EC0-301F-11D3-BF4B-00C04F79EFBC}") = "AspNet.Roslyn.PendingAnalysis", "AspNet.Roslyn.PendingAnalysis\AspNet.Roslyn.PendingAnalysis.csproj", "{EDD611DA-658B-4891-A8DD-45CE6359B7B4}"
EndProject
Project("{FAE04EC0-301F-11D3-BF4B-00C04F79EFBC}") = "AspNet.Roslyn.MSBuild", "AspNet.Roslyn.MSBuild\AspNet.Roslyn.MSBuild.csproj", "{5DD35367-156B-467F-BC5A-BAB08CE7C458}"
EndProject
Project("{FAE04EC0-301F-11D3-BF4B-00C04F79EFBC}") = "AspNet.Roslyn.CSharp", "AspNet.Roslyn.CSharp\AspNet.Roslyn.CSharp.csproj", "{81C20470-2A3C-4620-B885-14A4C5D914D8}"
EndProject
Project("{9A19103F-16F7-4668-BE54-9A1E7A4F7556}") = "AspNetCore.WebApi.NullValue", "AspNetCore.WebApi.NullValue\AspNetCore.WebApi.NullValue.csproj", "{FB55E0D0-486F-4EFC-96C3-D7000E82A927}"
EndProject
Project("{FAE04EC0-301F-11D3-BF4B-00C04F79EFBC}") = "Tools.OpenXML", "Tools.OpenXML\Tools.OpenXML.csproj", "{AB83A876-1035-4BE6-8840-B2D3108EE5B0}"
EndProject
Project("{2150E333-8FDC-42A3-9474-1A3956D46DE8}") = "DesignPattern", "DesignPattern", "{BB9A5C51-B07E-4B43-A46F-06AFA3B9D3C3}"
EndProject
Project("{2150E333-8FDC-42A3-9474-1A3956D46DE8}") = "创建型", "创建型", "{EF2BCCF2-6882-4E11-96CB-25DF633905E6}"
EndProject
Project("{9A19103F-16F7-4668-BE54-9A1E7A4F7556}") = "DesignPattern.Builder", "DesignPattern.Builder\DesignPattern.Builder.csproj", "{4BAF67A5-A73B-4D99-B479-0D3FC35B3830}"
EndProject
Project("{2150E333-8FDC-42A3-9474-1A3956D46DE8}") = "ConnectDbByEF", "ConnectDbByEF", "{05C02B5E-616B-4312-9175-0B6B0F97655D}"
EndProject
Project("{FAE04EC0-301F-11D3-BF4B-00C04F79EFBC}") = "AspNet.WebApi.ConnectDbByEF.MySql", "AspNet.WebApi.ConnectDbByEF.MySql\AspNet.WebApi.ConnectDbByEF.MySql.csproj", "{65932B38-DAAC-4DC5-A84C-AE55FD439777}"
EndProject
Project("{FAE04EC0-301F-11D3-BF4B-00C04F79EFBC}") = "AspNet.WebApi.RESTful", "AspNet.WebApi.RESTful\AspNet.WebApi.RESTful.csproj", "{5877619A-33D3-4C47-A22F-373523E9CBC1}"
EndProject
Project("{2150E333-8FDC-42A3-9474-1A3956D46DE8}") = "OData", "OData", "{176ECC9A-72D5-4FB4-AB62-D5FC7C118AF1}"
EndProject
Project("{FAE04EC0-301F-11D3-BF4B-00C04F79EFBC}") = "AspNet.WebApi.OData.Server", "AspNet.WebApi.OData.Server\AspNet.WebApi.OData.Server.csproj", "{2D2E4022-FC5A-482F-9DC9-CD355B4CC37B}"
EndProject
Project("{FAE04EC0-301F-11D3-BF4B-00C04F79EFBC}") = "AspNet.WebApi.OData.Client", "AspNet.WebApi.OData.Client\AspNet.WebApi.OData.Client.csproj", "{4E68D19B-B8A0-4F00-8BEA-127ED95C1233}"
EndProject
Project("{FAE04EC0-301F-11D3-BF4B-00C04F79EFBC}") = "AspNet.WebApi.Swagger", "AspNet.WebApi.Swagger\AspNet.WebApi.Swagger.csproj", "{147E2192-9831-4373-9BC8-9592CF8EF48D}"
EndProject
Project("{FAE04EC0-301F-11D3-BF4B-00C04F79EFBC}") = "AspNet.WebApi.FileUploadAndDownload", "AspNet.WebApi.FileUploadAndDownload\AspNet.WebApi.FileUploadAndDownload.csproj", "{2515F9D4-B7D6-4655-B6D7-60C2E1136D84}"
EndProject
Project("{2150E333-8FDC-42A3-9474-1A3956D46DE8}") = "UnitTests", "UnitTests", "{ED57FF06-0820-4277-809B-7681F74AC7A3}"
EndProject
Project("{9A19103F-16F7-4668-BE54-9A1E7A4F7556}") = "AspNetCore.WebApi.UnitTest.ApiDemo", "AspNetCore.WebApi.UnitTest.ApiDemo\AspNetCore.WebApi.UnitTest.ApiDemo.csproj", "{A993EBDC-594A-498E-A393-64989D52DD48}"
EndProject
Project("{9A19103F-16F7-4668-BE54-9A1E7A4F7556}") = "AspNetCore.WebApi.UnitTests.ServiceDemo", "AspNetCore.WebApi.UnitTests.ServiceDemo\AspNetCore.WebApi.UnitTests.ServiceDemo.csproj", "{C3591F23-D560-4A56-8272-16A42D2FD0EB}"
EndProject
Project("{9A19103F-16F7-4668-BE54-9A1E7A4F7556}") = "AspNetCore.WebApi.UnitTests.MSTest", "AspNetCore.WebApi.UnitTests.MSTest\AspNetCore.WebApi.UnitTests.MSTest.csproj", "{11617201-BD2F-40DB-B8F7-963EC814FC39}"
EndProject
Project("{9A19103F-16F7-4668-BE54-9A1E7A4F7556}") = "AspNetCore.WebApi.UnitTests.NUnit", "AspNetCore.WebApi.UnitTests.NUnit\AspNetCore.WebApi.UnitTests.NUnit.csproj", "{CF0CA552-2295-49A0-98DE-D617BFF0EBEA}"
EndProject
Project("{9A19103F-16F7-4668-BE54-9A1E7A4F7556}") = "AspNetCore.WebApi.UnitTests.xUnit", "AspNetCore.WebApi.UnitTests.xUnit\AspNetCore.WebApi.UnitTests.xUnit.csproj", "{9835CBA5-BF42-43DD-9B69-D9521C3A5950}"
EndProject
Project("{FAE04EC0-301F-11D3-BF4B-00C04F79EFBC}") = "WPF.Login", "WPF.Login\WPF.Login.csproj", "{DD9DE7E9-7607-40CA-9269-FB7C082B05C0}"
EndProject
Project("{FAE04EC0-301F-11D3-BF4B-00C04F79EFBC}") = "AspNet.WebApi.Basic", "AspNet.WebApi.Basic\AspNet.WebApi.Basic.csproj", "{ACC299D1-445E-4464-8909-FC2724A24501}"
EndProject
Project("{2150E333-8FDC-42A3-9474-1A3956D46DE8}") = "Authentications", "Authentications", "{7322E4B1-4E68-4A2D-8AB1-96F813A105E7}"
EndProject
Project("{2150E333-8FDC-42A3-9474-1A3956D46DE8}") = "Authentications", "Authentications", "{F778DA4A-B6FF-4A35-823F-D9E748EF0983}"
EndProject
Project("{9A19103F-16F7-4668-BE54-9A1E7A4F7556}") = "AspNetCore.WebApi.Authentication.Basic", "AspNetCore.Authentication.Basic\AspNetCore.WebApi.Authentication.Basic.csproj", "{A6A870A1-76EA-4131-8AB3-E5EBBE335507}"
EndProject
Project("{9A19103F-16F7-4668-BE54-9A1E7A4F7556}") = "AspNetCore.WebApi.Authentications", "AspNetCore.Authentications\AspNetCore.WebApi.Authentications.csproj", "{D8E3BA16-2F82-4A2D-82C5-AFE1734C9B77}"
EndProject
Project("{2150E333-8FDC-42A3-9474-1A3956D46DE8}") = "JwtBearer-RSA", "JwtBearer-RSA", "{80650AD6-8C76-4291-953D-B67F3740BD96}"
EndProject
Project("{9A19103F-16F7-4668-BE54-9A1E7A4F7556}") = "AspNetCore.WebApi.Authentication.IdentityProvider", "AspNetCore.WebApi.Authentication.IdentityProvider\AspNetCore.WebApi.Authentication.IdentityProvider.csproj", "{1B981CB6-AE52-4944-98DA-B8CDCEE4437A}"
EndProject
Project("{9A19103F-16F7-4668-BE54-9A1E7A4F7556}") = "AspNetCore.WebApi.Authentication.JwtBearer-RSA", "AspNetCore.WebApi.Authentication.JwtBearer-RSA\AspNetCore.WebApi.Authentication.JwtBearer-RSA.csproj", "{DDD1DDEE-FAAA-4B00-9872-E85C07920EB3}"
EndProject
Project("{2150E333-8FDC-42A3-9474-1A3956D46DE8}") = "Basic", "Basic", "{226F61F1-08D7-4956-B6A5-9FB564680D50}"
EndProject
Project("{9A19103F-16F7-4668-BE54-9A1E7A4F7556}") = "AspNetCore.WebApi.Authentication.SamlBearer", "AspNetCore.WebApi.Authentication.SamlBearer\AspNetCore.WebApi.Authentication.SamlBearer.csproj", "{849A3CEB-75F5-4EE7-BC18-23735A460D8D}"
EndProject
Project("{2150E333-8FDC-42A3-9474-1A3956D46DE8}") = "RabbitMQ", "RabbitMQ", "{25B97980-8EC4-415E-86E0-202595991AD6}"
EndProject
Project("{9A19103F-16F7-4668-BE54-9A1E7A4F7556}") = "RabbitMQ.Worker.Sender", "Sender\RabbitMQ.Worker.Sender.csproj", "{E0257F3F-090D-4E61-AD43-A320084FB08E}"
EndProject
Project("{9A19103F-16F7-4668-BE54-9A1E7A4F7556}") = "RabbitMQ.Worker.Receiver", "Receiver\RabbitMQ.Worker.Receiver.csproj", "{2ED1F8AD-7C14-4912-A6DD-D322EC395BCD}"
EndProject
Project("{2150E333-8FDC-42A3-9474-1A3956D46DE8}") = "Woker模式（包含一对一）", "Woker模式（包含一对一）", "{3CFE7AF4-AB74-4989-9AB5-909C4C95C9A9}"
EndProject
Project("{2150E333-8FDC-42A3-9474-1A3956D46DE8}") = "Exchange模式", "Exchange模式", "{7FB5C142-B27B-4403-9853-105FC37DD842}"
EndProject
Project("{9A19103F-16F7-4668-BE54-9A1E7A4F7556}") = "RabbitMQ.Exchange.Sender", "RabbitMQ.PubSub.Sender\RabbitMQ.Exchange.Sender.csproj", "{0EF3594C-9583-4C97-A211-4D98A4AD15FB}"
EndProject
Project("{9A19103F-16F7-4668-BE54-9A1E7A4F7556}") = "RabbitMQ.Exchange.Receiver", "RabbitMQ.PubSub.Receiver\RabbitMQ.Exchange.Receiver.csproj", "{91544FE4-EF4E-4A56-928E-1BBFDC739D27}"
EndProject
Global
	GlobalSection(SolutionConfigurationPlatforms) = preSolution
		Debug|Any CPU = Debug|Any CPU
		Release|Any CPU = Release|Any CPU
	EndGlobalSection
	GlobalSection(ProjectConfigurationPlatforms) = postSolution
		{A540862C-87E4-4074-B679-5BFAE175C5B9}.Debug|Any CPU.ActiveCfg = Debug|Any CPU
		{A540862C-87E4-4074-B679-5BFAE175C5B9}.Debug|Any CPU.Build.0 = Debug|Any CPU
		{A540862C-87E4-4074-B679-5BFAE175C5B9}.Release|Any CPU.ActiveCfg = Release|Any CPU
		{A540862C-87E4-4074-B679-5BFAE175C5B9}.Release|Any CPU.Build.0 = Release|Any CPU
		{3A996DAC-7A15-4A1F-BB36-6475D3A5835E}.Debug|Any CPU.ActiveCfg = Debug|Any CPU
		{3A996DAC-7A15-4A1F-BB36-6475D3A5835E}.Debug|Any CPU.Build.0 = Debug|Any CPU
		{3A996DAC-7A15-4A1F-BB36-6475D3A5835E}.Release|Any CPU.ActiveCfg = Release|Any CPU
		{3A996DAC-7A15-4A1F-BB36-6475D3A5835E}.Release|Any CPU.Build.0 = Release|Any CPU
		{15D7D8C7-7629-4A65-BBA7-417F80E8556D}.Debug|Any CPU.ActiveCfg = Debug|Any CPU
		{15D7D8C7-7629-4A65-BBA7-417F80E8556D}.Debug|Any CPU.Build.0 = Debug|Any CPU
		{15D7D8C7-7629-4A65-BBA7-417F80E8556D}.Release|Any CPU.ActiveCfg = Release|Any CPU
		{15D7D8C7-7629-4A65-BBA7-417F80E8556D}.Release|Any CPU.Build.0 = Release|Any CPU
		{BD906F85-8C17-4ADB-A512-E297E032236E}.Debug|Any CPU.ActiveCfg = Debug|Any CPU
		{BD906F85-8C17-4ADB-A512-E297E032236E}.Debug|Any CPU.Build.0 = Debug|Any CPU
		{BD906F85-8C17-4ADB-A512-E297E032236E}.Release|Any CPU.ActiveCfg = Release|Any CPU
		{BD906F85-8C17-4ADB-A512-E297E032236E}.Release|Any CPU.Build.0 = Release|Any CPU
		{B84ABC7A-FD1D-417A-A9DD-C6DDB8C137AB}.Debug|Any CPU.ActiveCfg = Debug|Any CPU
		{B84ABC7A-FD1D-417A-A9DD-C6DDB8C137AB}.Debug|Any CPU.Build.0 = Debug|Any CPU
		{B84ABC7A-FD1D-417A-A9DD-C6DDB8C137AB}.Release|Any CPU.ActiveCfg = Release|Any CPU
		{B84ABC7A-FD1D-417A-A9DD-C6DDB8C137AB}.Release|Any CPU.Build.0 = Release|Any CPU
		{D4C1DCEE-277A-4E84-8003-9DEDA10170B8}.Debug|Any CPU.ActiveCfg = Debug|Any CPU
		{D4C1DCEE-277A-4E84-8003-9DEDA10170B8}.Debug|Any CPU.Build.0 = Debug|Any CPU
		{D4C1DCEE-277A-4E84-8003-9DEDA10170B8}.Release|Any CPU.ActiveCfg = Release|Any CPU
		{D4C1DCEE-277A-4E84-8003-9DEDA10170B8}.Release|Any CPU.Build.0 = Release|Any CPU
		{1DF83FED-7108-4175-800A-461F2A973EF3}.Debug|Any CPU.ActiveCfg = Debug|Any CPU
		{1DF83FED-7108-4175-800A-461F2A973EF3}.Debug|Any CPU.Build.0 = Debug|Any CPU
		{1DF83FED-7108-4175-800A-461F2A973EF3}.Release|Any CPU.ActiveCfg = Release|Any CPU
		{1DF83FED-7108-4175-800A-461F2A973EF3}.Release|Any CPU.Build.0 = Release|Any CPU
		{FEC87F86-24E0-45C3-8E86-7C47DACEED88}.Debug|Any CPU.ActiveCfg = Debug|Any CPU
		{FEC87F86-24E0-45C3-8E86-7C47DACEED88}.Debug|Any CPU.Build.0 = Debug|Any CPU
		{FEC87F86-24E0-45C3-8E86-7C47DACEED88}.Release|Any CPU.ActiveCfg = Release|Any CPU
		{FEC87F86-24E0-45C3-8E86-7C47DACEED88}.Release|Any CPU.Build.0 = Release|Any CPU
		{68E94CA0-A9C0-4E4B-9AB9-5FF8ADF4B194}.Debug|Any CPU.ActiveCfg = Debug|Any CPU
		{68E94CA0-A9C0-4E4B-9AB9-5FF8ADF4B194}.Debug|Any CPU.Build.0 = Debug|Any CPU
		{68E94CA0-A9C0-4E4B-9AB9-5FF8ADF4B194}.Release|Any CPU.ActiveCfg = Release|Any CPU
		{68E94CA0-A9C0-4E4B-9AB9-5FF8ADF4B194}.Release|Any CPU.Build.0 = Release|Any CPU
		{70E86E74-7A89-46DE-A7FC-E1259B71FC77}.Debug|Any CPU.ActiveCfg = Debug|Any CPU
		{70E86E74-7A89-46DE-A7FC-E1259B71FC77}.Debug|Any CPU.Build.0 = Debug|Any CPU
		{70E86E74-7A89-46DE-A7FC-E1259B71FC77}.Release|Any CPU.ActiveCfg = Release|Any CPU
		{70E86E74-7A89-46DE-A7FC-E1259B71FC77}.Release|Any CPU.Build.0 = Release|Any CPU
		{79D2C861-7749-4F7D-B69E-54BF3379C6A5}.Debug|Any CPU.ActiveCfg = Debug|Any CPU
		{79D2C861-7749-4F7D-B69E-54BF3379C6A5}.Debug|Any CPU.Build.0 = Debug|Any CPU
		{79D2C861-7749-4F7D-B69E-54BF3379C6A5}.Release|Any CPU.ActiveCfg = Release|Any CPU
		{79D2C861-7749-4F7D-B69E-54BF3379C6A5}.Release|Any CPU.Build.0 = Release|Any CPU
		{199599AF-5C8C-4A45-82CB-E3155D28C65A}.Debug|Any CPU.ActiveCfg = Debug|Any CPU
		{199599AF-5C8C-4A45-82CB-E3155D28C65A}.Debug|Any CPU.Build.0 = Debug|Any CPU
		{199599AF-5C8C-4A45-82CB-E3155D28C65A}.Release|Any CPU.ActiveCfg = Release|Any CPU
		{199599AF-5C8C-4A45-82CB-E3155D28C65A}.Release|Any CPU.Build.0 = Release|Any CPU
		{A21F92A3-2A4D-4FEE-A100-386EDC50039A}.Debug|Any CPU.ActiveCfg = Debug|Any CPU
		{A21F92A3-2A4D-4FEE-A100-386EDC50039A}.Debug|Any CPU.Build.0 = Debug|Any CPU
		{A21F92A3-2A4D-4FEE-A100-386EDC50039A}.Release|Any CPU.ActiveCfg = Release|Any CPU
		{A21F92A3-2A4D-4FEE-A100-386EDC50039A}.Release|Any CPU.Build.0 = Release|Any CPU
		{89233F6A-3E88-4A7B-9BA4-9C24741740F4}.Debug|Any CPU.ActiveCfg = Debug|Any CPU
		{89233F6A-3E88-4A7B-9BA4-9C24741740F4}.Debug|Any CPU.Build.0 = Debug|Any CPU
		{89233F6A-3E88-4A7B-9BA4-9C24741740F4}.Release|Any CPU.ActiveCfg = Release|Any CPU
		{89233F6A-3E88-4A7B-9BA4-9C24741740F4}.Release|Any CPU.Build.0 = Release|Any CPU
		{85CC3B64-8551-4212-AAC0-7F5731ED2ABC}.Debug|Any CPU.ActiveCfg = Debug|Any CPU
		{85CC3B64-8551-4212-AAC0-7F5731ED2ABC}.Debug|Any CPU.Build.0 = Debug|Any CPU
		{85CC3B64-8551-4212-AAC0-7F5731ED2ABC}.Release|Any CPU.ActiveCfg = Release|Any CPU
		{85CC3B64-8551-4212-AAC0-7F5731ED2ABC}.Release|Any CPU.Build.0 = Release|Any CPU
		{3E39ADF8-06D7-425F-9C44-5F1E7D41023C}.Debug|Any CPU.ActiveCfg = Debug|Any CPU
		{3E39ADF8-06D7-425F-9C44-5F1E7D41023C}.Debug|Any CPU.Build.0 = Debug|Any CPU
		{3E39ADF8-06D7-425F-9C44-5F1E7D41023C}.Release|Any CPU.ActiveCfg = Release|Any CPU
		{3E39ADF8-06D7-425F-9C44-5F1E7D41023C}.Release|Any CPU.Build.0 = Release|Any CPU
		{E30E4689-2299-45AA-B942-B390FDE5F39D}.Debug|Any CPU.ActiveCfg = Debug|Any CPU
		{E30E4689-2299-45AA-B942-B390FDE5F39D}.Debug|Any CPU.Build.0 = Debug|Any CPU
		{E30E4689-2299-45AA-B942-B390FDE5F39D}.Release|Any CPU.ActiveCfg = Release|Any CPU
		{E30E4689-2299-45AA-B942-B390FDE5F39D}.Release|Any CPU.Build.0 = Release|Any CPU
		{27AB9E01-930F-4AF6-A455-6BB407B3BD3E}.Debug|Any CPU.ActiveCfg = Debug|Any CPU
		{27AB9E01-930F-4AF6-A455-6BB407B3BD3E}.Debug|Any CPU.Build.0 = Debug|Any CPU
		{27AB9E01-930F-4AF6-A455-6BB407B3BD3E}.Release|Any CPU.ActiveCfg = Release|Any CPU
		{27AB9E01-930F-4AF6-A455-6BB407B3BD3E}.Release|Any CPU.Build.0 = Release|Any CPU
		{9DA17D36-016D-4267-9A1B-A563398CC67E}.Debug|Any CPU.ActiveCfg = Debug|Any CPU
		{9DA17D36-016D-4267-9A1B-A563398CC67E}.Debug|Any CPU.Build.0 = Debug|Any CPU
		{9DA17D36-016D-4267-9A1B-A563398CC67E}.Release|Any CPU.ActiveCfg = Release|Any CPU
		{9DA17D36-016D-4267-9A1B-A563398CC67E}.Release|Any CPU.Build.0 = Release|Any CPU
		{4F1F40A5-DCA8-43D4-A13C-04D7BB27577E}.Debug|Any CPU.ActiveCfg = Debug|Any CPU
		{4F1F40A5-DCA8-43D4-A13C-04D7BB27577E}.Debug|Any CPU.Build.0 = Debug|Any CPU
		{4F1F40A5-DCA8-43D4-A13C-04D7BB27577E}.Release|Any CPU.ActiveCfg = Release|Any CPU
		{4F1F40A5-DCA8-43D4-A13C-04D7BB27577E}.Release|Any CPU.Build.0 = Release|Any CPU
		{4DF2836A-AC4E-4D57-BB69-1BFD8923E46D}.Debug|Any CPU.ActiveCfg = Debug|Any CPU
		{4DF2836A-AC4E-4D57-BB69-1BFD8923E46D}.Debug|Any CPU.Build.0 = Debug|Any CPU
		{4DF2836A-AC4E-4D57-BB69-1BFD8923E46D}.Release|Any CPU.ActiveCfg = Release|Any CPU
		{4DF2836A-AC4E-4D57-BB69-1BFD8923E46D}.Release|Any CPU.Build.0 = Release|Any CPU
		{EDD611DA-658B-4891-A8DD-45CE6359B7B4}.Debug|Any CPU.ActiveCfg = Debug|Any CPU
		{EDD611DA-658B-4891-A8DD-45CE6359B7B4}.Debug|Any CPU.Build.0 = Debug|Any CPU
		{EDD611DA-658B-4891-A8DD-45CE6359B7B4}.Release|Any CPU.ActiveCfg = Release|Any CPU
		{EDD611DA-658B-4891-A8DD-45CE6359B7B4}.Release|Any CPU.Build.0 = Release|Any CPU
		{5DD35367-156B-467F-BC5A-BAB08CE7C458}.Debug|Any CPU.ActiveCfg = Debug|Any CPU
		{5DD35367-156B-467F-BC5A-BAB08CE7C458}.Debug|Any CPU.Build.0 = Debug|Any CPU
		{5DD35367-156B-467F-BC5A-BAB08CE7C458}.Release|Any CPU.ActiveCfg = Release|Any CPU
		{5DD35367-156B-467F-BC5A-BAB08CE7C458}.Release|Any CPU.Build.0 = Release|Any CPU
		{81C20470-2A3C-4620-B885-14A4C5D914D8}.Debug|Any CPU.ActiveCfg = Debug|Any CPU
		{81C20470-2A3C-4620-B885-14A4C5D914D8}.Debug|Any CPU.Build.0 = Debug|Any CPU
		{81C20470-2A3C-4620-B885-14A4C5D914D8}.Release|Any CPU.ActiveCfg = Release|Any CPU
		{81C20470-2A3C-4620-B885-14A4C5D914D8}.Release|Any CPU.Build.0 = Release|Any CPU
		{FB55E0D0-486F-4EFC-96C3-D7000E82A927}.Debug|Any CPU.ActiveCfg = Debug|Any CPU
		{FB55E0D0-486F-4EFC-96C3-D7000E82A927}.Debug|Any CPU.Build.0 = Debug|Any CPU
		{FB55E0D0-486F-4EFC-96C3-D7000E82A927}.Release|Any CPU.ActiveCfg = Release|Any CPU
		{FB55E0D0-486F-4EFC-96C3-D7000E82A927}.Release|Any CPU.Build.0 = Release|Any CPU
		{AB83A876-1035-4BE6-8840-B2D3108EE5B0}.Debug|Any CPU.ActiveCfg = Debug|Any CPU
		{AB83A876-1035-4BE6-8840-B2D3108EE5B0}.Debug|Any CPU.Build.0 = Debug|Any CPU
		{AB83A876-1035-4BE6-8840-B2D3108EE5B0}.Release|Any CPU.ActiveCfg = Release|Any CPU
		{AB83A876-1035-4BE6-8840-B2D3108EE5B0}.Release|Any CPU.Build.0 = Release|Any CPU
		{4BAF67A5-A73B-4D99-B479-0D3FC35B3830}.Debug|Any CPU.ActiveCfg = Debug|Any CPU
		{4BAF67A5-A73B-4D99-B479-0D3FC35B3830}.Debug|Any CPU.Build.0 = Debug|Any CPU
		{4BAF67A5-A73B-4D99-B479-0D3FC35B3830}.Release|Any CPU.ActiveCfg = Release|Any CPU
		{4BAF67A5-A73B-4D99-B479-0D3FC35B3830}.Release|Any CPU.Build.0 = Release|Any CPU
		{65932B38-DAAC-4DC5-A84C-AE55FD439777}.Debug|Any CPU.ActiveCfg = Debug|Any CPU
		{65932B38-DAAC-4DC5-A84C-AE55FD439777}.Debug|Any CPU.Build.0 = Debug|Any CPU
		{65932B38-DAAC-4DC5-A84C-AE55FD439777}.Release|Any CPU.ActiveCfg = Release|Any CPU
		{65932B38-DAAC-4DC5-A84C-AE55FD439777}.Release|Any CPU.Build.0 = Release|Any CPU
		{5877619A-33D3-4C47-A22F-373523E9CBC1}.Debug|Any CPU.ActiveCfg = Debug|Any CPU
		{5877619A-33D3-4C47-A22F-373523E9CBC1}.Debug|Any CPU.Build.0 = Debug|Any CPU
		{5877619A-33D3-4C47-A22F-373523E9CBC1}.Release|Any CPU.ActiveCfg = Release|Any CPU
		{5877619A-33D3-4C47-A22F-373523E9CBC1}.Release|Any CPU.Build.0 = Release|Any CPU
		{2D2E4022-FC5A-482F-9DC9-CD355B4CC37B}.Debug|Any CPU.ActiveCfg = Debug|Any CPU
		{2D2E4022-FC5A-482F-9DC9-CD355B4CC37B}.Debug|Any CPU.Build.0 = Debug|Any CPU
		{2D2E4022-FC5A-482F-9DC9-CD355B4CC37B}.Release|Any CPU.ActiveCfg = Release|Any CPU
		{2D2E4022-FC5A-482F-9DC9-CD355B4CC37B}.Release|Any CPU.Build.0 = Release|Any CPU
		{4E68D19B-B8A0-4F00-8BEA-127ED95C1233}.Debug|Any CPU.ActiveCfg = Debug|Any CPU
		{4E68D19B-B8A0-4F00-8BEA-127ED95C1233}.Debug|Any CPU.Build.0 = Debug|Any CPU
		{4E68D19B-B8A0-4F00-8BEA-127ED95C1233}.Release|Any CPU.ActiveCfg = Release|Any CPU
		{4E68D19B-B8A0-4F00-8BEA-127ED95C1233}.Release|Any CPU.Build.0 = Release|Any CPU
		{147E2192-9831-4373-9BC8-9592CF8EF48D}.Debug|Any CPU.ActiveCfg = Debug|Any CPU
		{147E2192-9831-4373-9BC8-9592CF8EF48D}.Debug|Any CPU.Build.0 = Debug|Any CPU
		{147E2192-9831-4373-9BC8-9592CF8EF48D}.Release|Any CPU.ActiveCfg = Release|Any CPU
		{147E2192-9831-4373-9BC8-9592CF8EF48D}.Release|Any CPU.Build.0 = Release|Any CPU
		{2515F9D4-B7D6-4655-B6D7-60C2E1136D84}.Debug|Any CPU.ActiveCfg = Debug|Any CPU
		{2515F9D4-B7D6-4655-B6D7-60C2E1136D84}.Debug|Any CPU.Build.0 = Debug|Any CPU
		{2515F9D4-B7D6-4655-B6D7-60C2E1136D84}.Release|Any CPU.ActiveCfg = Release|Any CPU
		{2515F9D4-B7D6-4655-B6D7-60C2E1136D84}.Release|Any CPU.Build.0 = Release|Any CPU
		{A993EBDC-594A-498E-A393-64989D52DD48}.Debug|Any CPU.ActiveCfg = Debug|Any CPU
		{A993EBDC-594A-498E-A393-64989D52DD48}.Debug|Any CPU.Build.0 = Debug|Any CPU
		{A993EBDC-594A-498E-A393-64989D52DD48}.Release|Any CPU.ActiveCfg = Release|Any CPU
		{A993EBDC-594A-498E-A393-64989D52DD48}.Release|Any CPU.Build.0 = Release|Any CPU
		{C3591F23-D560-4A56-8272-16A42D2FD0EB}.Debug|Any CPU.ActiveCfg = Debug|Any CPU
		{C3591F23-D560-4A56-8272-16A42D2FD0EB}.Debug|Any CPU.Build.0 = Debug|Any CPU
		{C3591F23-D560-4A56-8272-16A42D2FD0EB}.Release|Any CPU.ActiveCfg = Release|Any CPU
		{C3591F23-D560-4A56-8272-16A42D2FD0EB}.Release|Any CPU.Build.0 = Release|Any CPU
		{11617201-BD2F-40DB-B8F7-963EC814FC39}.Debug|Any CPU.ActiveCfg = Debug|Any CPU
		{11617201-BD2F-40DB-B8F7-963EC814FC39}.Debug|Any CPU.Build.0 = Debug|Any CPU
		{11617201-BD2F-40DB-B8F7-963EC814FC39}.Release|Any CPU.ActiveCfg = Release|Any CPU
		{11617201-BD2F-40DB-B8F7-963EC814FC39}.Release|Any CPU.Build.0 = Release|Any CPU
		{CF0CA552-2295-49A0-98DE-D617BFF0EBEA}.Debug|Any CPU.ActiveCfg = Debug|Any CPU
		{CF0CA552-2295-49A0-98DE-D617BFF0EBEA}.Debug|Any CPU.Build.0 = Debug|Any CPU
		{CF0CA552-2295-49A0-98DE-D617BFF0EBEA}.Release|Any CPU.ActiveCfg = Release|Any CPU
		{CF0CA552-2295-49A0-98DE-D617BFF0EBEA}.Release|Any CPU.Build.0 = Release|Any CPU
		{9835CBA5-BF42-43DD-9B69-D9521C3A5950}.Debug|Any CPU.ActiveCfg = Debug|Any CPU
		{9835CBA5-BF42-43DD-9B69-D9521C3A5950}.Debug|Any CPU.Build.0 = Debug|Any CPU
		{9835CBA5-BF42-43DD-9B69-D9521C3A5950}.Release|Any CPU.ActiveCfg = Release|Any CPU
		{9835CBA5-BF42-43DD-9B69-D9521C3A5950}.Release|Any CPU.Build.0 = Release|Any CPU
		{DD9DE7E9-7607-40CA-9269-FB7C082B05C0}.Debug|Any CPU.ActiveCfg = Debug|Any CPU
		{DD9DE7E9-7607-40CA-9269-FB7C082B05C0}.Debug|Any CPU.Build.0 = Debug|Any CPU
		{DD9DE7E9-7607-40CA-9269-FB7C082B05C0}.Release|Any CPU.ActiveCfg = Release|Any CPU
		{DD9DE7E9-7607-40CA-9269-FB7C082B05C0}.Release|Any CPU.Build.0 = Release|Any CPU
		{ACC299D1-445E-4464-8909-FC2724A24501}.Debug|Any CPU.ActiveCfg = Debug|Any CPU
		{ACC299D1-445E-4464-8909-FC2724A24501}.Debug|Any CPU.Build.0 = Debug|Any CPU
		{ACC299D1-445E-4464-8909-FC2724A24501}.Release|Any CPU.ActiveCfg = Release|Any CPU
		{ACC299D1-445E-4464-8909-FC2724A24501}.Release|Any CPU.Build.0 = Release|Any CPU
		{A6A870A1-76EA-4131-8AB3-E5EBBE335507}.Debug|Any CPU.ActiveCfg = Debug|Any CPU
		{A6A870A1-76EA-4131-8AB3-E5EBBE335507}.Debug|Any CPU.Build.0 = Debug|Any CPU
		{A6A870A1-76EA-4131-8AB3-E5EBBE335507}.Release|Any CPU.ActiveCfg = Release|Any CPU
		{A6A870A1-76EA-4131-8AB3-E5EBBE335507}.Release|Any CPU.Build.0 = Release|Any CPU
		{D8E3BA16-2F82-4A2D-82C5-AFE1734C9B77}.Debug|Any CPU.ActiveCfg = Debug|Any CPU
		{D8E3BA16-2F82-4A2D-82C5-AFE1734C9B77}.Debug|Any CPU.Build.0 = Debug|Any CPU
		{D8E3BA16-2F82-4A2D-82C5-AFE1734C9B77}.Release|Any CPU.ActiveCfg = Release|Any CPU
		{D8E3BA16-2F82-4A2D-82C5-AFE1734C9B77}.Release|Any CPU.Build.0 = Release|Any CPU
		{1B981CB6-AE52-4944-98DA-B8CDCEE4437A}.Debug|Any CPU.ActiveCfg = Debug|Any CPU
		{1B981CB6-AE52-4944-98DA-B8CDCEE4437A}.Debug|Any CPU.Build.0 = Debug|Any CPU
		{1B981CB6-AE52-4944-98DA-B8CDCEE4437A}.Release|Any CPU.ActiveCfg = Release|Any CPU
		{1B981CB6-AE52-4944-98DA-B8CDCEE4437A}.Release|Any CPU.Build.0 = Release|Any CPU
		{DDD1DDEE-FAAA-4B00-9872-E85C07920EB3}.Debug|Any CPU.ActiveCfg = Debug|Any CPU
		{DDD1DDEE-FAAA-4B00-9872-E85C07920EB3}.Debug|Any CPU.Build.0 = Debug|Any CPU
		{DDD1DDEE-FAAA-4B00-9872-E85C07920EB3}.Release|Any CPU.ActiveCfg = Release|Any CPU
		{DDD1DDEE-FAAA-4B00-9872-E85C07920EB3}.Release|Any CPU.Build.0 = Release|Any CPU
		{849A3CEB-75F5-4EE7-BC18-23735A460D8D}.Debug|Any CPU.ActiveCfg = Debug|Any CPU
		{849A3CEB-75F5-4EE7-BC18-23735A460D8D}.Debug|Any CPU.Build.0 = Debug|Any CPU
		{849A3CEB-75F5-4EE7-BC18-23735A460D8D}.Release|Any CPU.ActiveCfg = Release|Any CPU
		{849A3CEB-75F5-4EE7-BC18-23735A460D8D}.Release|Any CPU.Build.0 = Release|Any CPU
		{E0257F3F-090D-4E61-AD43-A320084FB08E}.Debug|Any CPU.ActiveCfg = Debug|Any CPU
		{E0257F3F-090D-4E61-AD43-A320084FB08E}.Debug|Any CPU.Build.0 = Debug|Any CPU
		{E0257F3F-090D-4E61-AD43-A320084FB08E}.Release|Any CPU.ActiveCfg = Release|Any CPU
		{E0257F3F-090D-4E61-AD43-A320084FB08E}.Release|Any CPU.Build.0 = Release|Any CPU
		{2ED1F8AD-7C14-4912-A6DD-D322EC395BCD}.Debug|Any CPU.ActiveCfg = Debug|Any CPU
		{2ED1F8AD-7C14-4912-A6DD-D322EC395BCD}.Debug|Any CPU.Build.0 = Debug|Any CPU
		{2ED1F8AD-7C14-4912-A6DD-D322EC395BCD}.Release|Any CPU.ActiveCfg = Release|Any CPU
		{2ED1F8AD-7C14-4912-A6DD-D322EC395BCD}.Release|Any CPU.Build.0 = Release|Any CPU
		{0EF3594C-9583-4C97-A211-4D98A4AD15FB}.Debug|Any CPU.ActiveCfg = Debug|Any CPU
		{0EF3594C-9583-4C97-A211-4D98A4AD15FB}.Debug|Any CPU.Build.0 = Debug|Any CPU
		{0EF3594C-9583-4C97-A211-4D98A4AD15FB}.Release|Any CPU.ActiveCfg = Release|Any CPU
		{0EF3594C-9583-4C97-A211-4D98A4AD15FB}.Release|Any CPU.Build.0 = Release|Any CPU
		{91544FE4-EF4E-4A56-928E-1BBFDC739D27}.Debug|Any CPU.ActiveCfg = Debug|Any CPU
		{91544FE4-EF4E-4A56-928E-1BBFDC739D27}.Debug|Any CPU.Build.0 = Debug|Any CPU
		{91544FE4-EF4E-4A56-928E-1BBFDC739D27}.Release|Any CPU.ActiveCfg = Release|Any CPU
		{91544FE4-EF4E-4A56-928E-1BBFDC739D27}.Release|Any CPU.Build.0 = Release|Any CPU
	EndGlobalSection
	GlobalSection(SolutionProperties) = preSolution
		HideSolutionNode = FALSE
	EndGlobalSection
	GlobalSection(NestedProjects) = preSolution
		{A540862C-87E4-4074-B679-5BFAE175C5B9} = {D9F790B9-2EC5-463C-A3B9-1735F07CCCCB}
		{D9F790B9-2EC5-463C-A3B9-1735F07CCCCB} = {13E17E1D-EADB-40DE-ABE1-EB0D68BEE77F}
		{86C76B0A-6CAA-4DD2-BD82-F355CD8CE04C} = {13E17E1D-EADB-40DE-ABE1-EB0D68BEE77F}
		{6D56979C-D8F0-4955-9635-2219AA47B921} = {13E17E1D-EADB-40DE-ABE1-EB0D68BEE77F}
		{2667C49B-E7D7-47D3-AC11-B7539AEE3E5E} = {4207F369-B230-433E-80B4-91B67BE4D610}
		{3A996DAC-7A15-4A1F-BB36-6475D3A5835E} = {D9F790B9-2EC5-463C-A3B9-1735F07CCCCB}
		{15D7D8C7-7629-4A65-BBA7-417F80E8556D} = {D9F790B9-2EC5-463C-A3B9-1735F07CCCCB}
		{FDBB07C5-4313-48D0-A487-CCD19EB4FCB8} = {2667C49B-E7D7-47D3-AC11-B7539AEE3E5E}
		{BD906F85-8C17-4ADB-A512-E297E032236E} = {FDBB07C5-4313-48D0-A487-CCD19EB4FCB8}
		{C575B2E6-3CF1-4983-9116-24F32BD41E4D} = {2667C49B-E7D7-47D3-AC11-B7539AEE3E5E}
		{B84ABC7A-FD1D-417A-A9DD-C6DDB8C137AB} = {C575B2E6-3CF1-4983-9116-24F32BD41E4D}
		{AA129E19-91CA-4041-8D8C-83589483BD6B} = {13E17E1D-EADB-40DE-ABE1-EB0D68BEE77F}
		{D4C1DCEE-277A-4E84-8003-9DEDA10170B8} = {AA129E19-91CA-4041-8D8C-83589483BD6B}
		{64864376-8859-4092-87AE-A04AE120E887} = {4207F369-B230-433E-80B4-91B67BE4D610}
		{E7112DE8-9DF2-4901-AE96-5015861BC7C0} = {64864376-8859-4092-87AE-A04AE120E887}
		{1DF83FED-7108-4175-800A-461F2A973EF3} = {E7112DE8-9DF2-4901-AE96-5015861BC7C0}
		{FEC87F86-24E0-45C3-8E86-7C47DACEED88} = {E7112DE8-9DF2-4901-AE96-5015861BC7C0}
		{68E94CA0-A9C0-4E4B-9AB9-5FF8ADF4B194} = {E7112DE8-9DF2-4901-AE96-5015861BC7C0}
		{70E86E74-7A89-46DE-A7FC-E1259B71FC77} = {E7112DE8-9DF2-4901-AE96-5015861BC7C0}
		{79D2C861-7749-4F7D-B69E-54BF3379C6A5} = {AA129E19-91CA-4041-8D8C-83589483BD6B}
		{199599AF-5C8C-4A45-82CB-E3155D28C65A} = {C575B2E6-3CF1-4983-9116-24F32BD41E4D}
		{A21F92A3-2A4D-4FEE-A100-386EDC50039A} = {F778DA4A-B6FF-4A35-823F-D9E748EF0983}
		{1AE46268-74BB-4107-8204-86FE563EF20D} = {6D56979C-D8F0-4955-9635-2219AA47B921}
		{612C92F9-369B-4989-A7F6-1FDB9114B5F0} = {1AE46268-74BB-4107-8204-86FE563EF20D}
		{89233F6A-3E88-4A7B-9BA4-9C24741740F4} = {612C92F9-369B-4989-A7F6-1FDB9114B5F0}
		{85CC3B64-8551-4212-AAC0-7F5731ED2ABC} = {612C92F9-369B-4989-A7F6-1FDB9114B5F0}
		{3E39ADF8-06D7-425F-9C44-5F1E7D41023C} = {612C92F9-369B-4989-A7F6-1FDB9114B5F0}
		{E30E4689-2299-45AA-B942-B390FDE5F39D} = {612C92F9-369B-4989-A7F6-1FDB9114B5F0}
		{3ECC12B6-7CB4-4640-A58A-B1A4773EEA89} = {6D56979C-D8F0-4955-9635-2219AA47B921}
		{27AB9E01-930F-4AF6-A455-6BB407B3BD3E} = {7322E4B1-4E68-4A2D-8AB1-96F813A105E7}
		{ACA88906-0C02-4D7C-9509-D4132643B3BE} = {D9B6436C-7B54-47A7-A6E6-384F518C1B93}
		{9DA17D36-016D-4267-9A1B-A563398CC67E} = {ACA88906-0C02-4D7C-9509-D4132643B3BE}
		{4F1F40A5-DCA8-43D4-A13C-04D7BB27577E} = {723EECF1-B4B8-42A3-AEE0-8F6AA1058D20}
		{4DF2836A-AC4E-4D57-BB69-1BFD8923E46D} = {FDBB07C5-4313-48D0-A487-CCD19EB4FCB8}
		{0B9CA158-BB88-40D8-83C5-20CB770DBB2A} = {13E17E1D-EADB-40DE-ABE1-EB0D68BEE77F}
		{EDD611DA-658B-4891-A8DD-45CE6359B7B4} = {0B9CA158-BB88-40D8-83C5-20CB770DBB2A}
		{5DD35367-156B-467F-BC5A-BAB08CE7C458} = {0B9CA158-BB88-40D8-83C5-20CB770DBB2A}
		{81C20470-2A3C-4620-B885-14A4C5D914D8} = {0B9CA158-BB88-40D8-83C5-20CB770DBB2A}
		{FB55E0D0-486F-4EFC-96C3-D7000E82A927} = {FDBB07C5-4313-48D0-A487-CCD19EB4FCB8}
		{AB83A876-1035-4BE6-8840-B2D3108EE5B0} = {AA129E19-91CA-4041-8D8C-83589483BD6B}
		{EF2BCCF2-6882-4E11-96CB-25DF633905E6} = {BB9A5C51-B07E-4B43-A46F-06AFA3B9D3C3}
		{4BAF67A5-A73B-4D99-B479-0D3FC35B3830} = {EF2BCCF2-6882-4E11-96CB-25DF633905E6}
		{05C02B5E-616B-4312-9175-0B6B0F97655D} = {3ECC12B6-7CB4-4640-A58A-B1A4773EEA89}
		{65932B38-DAAC-4DC5-A84C-AE55FD439777} = {05C02B5E-616B-4312-9175-0B6B0F97655D}
		{5877619A-33D3-4C47-A22F-373523E9CBC1} = {3ECC12B6-7CB4-4640-A58A-B1A4773EEA89}
		{176ECC9A-72D5-4FB4-AB62-D5FC7C118AF1} = {3ECC12B6-7CB4-4640-A58A-B1A4773EEA89}
		{2D2E4022-FC5A-482F-9DC9-CD355B4CC37B} = {176ECC9A-72D5-4FB4-AB62-D5FC7C118AF1}
		{4E68D19B-B8A0-4F00-8BEA-127ED95C1233} = {176ECC9A-72D5-4FB4-AB62-D5FC7C118AF1}
		{147E2192-9831-4373-9BC8-9592CF8EF48D} = {3ECC12B6-7CB4-4640-A58A-B1A4773EEA89}
		{2515F9D4-B7D6-4655-B6D7-60C2E1136D84} = {3ECC12B6-7CB4-4640-A58A-B1A4773EEA89}
		{ED57FF06-0820-4277-809B-7681F74AC7A3} = {FDBB07C5-4313-48D0-A487-CCD19EB4FCB8}
		{A993EBDC-594A-498E-A393-64989D52DD48} = {ED57FF06-0820-4277-809B-7681F74AC7A3}
		{C3591F23-D560-4A56-8272-16A42D2FD0EB} = {ED57FF06-0820-4277-809B-7681F74AC7A3}
		{11617201-BD2F-40DB-B8F7-963EC814FC39} = {ED57FF06-0820-4277-809B-7681F74AC7A3}
		{CF0CA552-2295-49A0-98DE-D617BFF0EBEA} = {ED57FF06-0820-4277-809B-7681F74AC7A3}
		{9835CBA5-BF42-43DD-9B69-D9521C3A5950} = {ED57FF06-0820-4277-809B-7681F74AC7A3}
		{DD9DE7E9-7607-40CA-9269-FB7C082B05C0} = {86C76B0A-6CAA-4DD2-BD82-F355CD8CE04C}
		{ACC299D1-445E-4464-8909-FC2724A24501} = {7322E4B1-4E68-4A2D-8AB1-96F813A105E7}
		{7322E4B1-4E68-4A2D-8AB1-96F813A105E7} = {3ECC12B6-7CB4-4640-A58A-B1A4773EEA89}
		{F778DA4A-B6FF-4A35-823F-D9E748EF0983} = {FDBB07C5-4313-48D0-A487-CCD19EB4FCB8}
		{A6A870A1-76EA-4131-8AB3-E5EBBE335507} = {226F61F1-08D7-4956-B6A5-9FB564680D50}
		{D8E3BA16-2F82-4A2D-82C5-AFE1734C9B77} = {226F61F1-08D7-4956-B6A5-9FB564680D50}
		{80650AD6-8C76-4291-953D-B67F3740BD96} = {F778DA4A-B6FF-4A35-823F-D9E748EF0983}
		{1B981CB6-AE52-4944-98DA-B8CDCEE4437A} = {80650AD6-8C76-4291-953D-B67F3740BD96}
		{DDD1DDEE-FAAA-4B00-9872-E85C07920EB3} = {80650AD6-8C76-4291-953D-B67F3740BD96}
		{226F61F1-08D7-4956-B6A5-9FB564680D50} = {F778DA4A-B6FF-4A35-823F-D9E748EF0983}
		{849A3CEB-75F5-4EE7-BC18-23735A460D8D} = {F778DA4A-B6FF-4A35-823F-D9E748EF0983}
		{25B97980-8EC4-415E-86E0-202595991AD6} = {4207F369-B230-433E-80B4-91B67BE4D610}
		{E0257F3F-090D-4E61-AD43-A320084FB08E} = {3CFE7AF4-AB74-4989-9AB5-909C4C95C9A9}
		{2ED1F8AD-7C14-4912-A6DD-D322EC395BCD} = {3CFE7AF4-AB74-4989-9AB5-909C4C95C9A9}
		{3CFE7AF4-AB74-4989-9AB5-909C4C95C9A9} = {25B97980-8EC4-415E-86E0-202595991AD6}
		{7FB5C142-B27B-4403-9853-105FC37DD842} = {25B97980-8EC4-415E-86E0-202595991AD6}
		{0EF3594C-9583-4C97-A211-4D98A4AD15FB} = {7FB5C142-B27B-4403-9853-105FC37DD842}
		{91544FE4-EF4E-4A56-928E-1BBFDC739D27} = {7FB5C142-B27B-4403-9853-105FC37DD842}
	EndGlobalSection
	GlobalSection(ExtensibilityGlobals) = postSolution
		SolutionGuid = {81D6A21C-E547-4566-94F6-D72A35CD04A2}
	EndGlobalSection
EndGlobal
