
Microsoft Visual Studio Solution File, Format Version 12.00
# Visual Studio 15
VisualStudioVersion = 15.0.27703.2035
MinimumVisualStudioVersion = 10.0.40219.1
Project("{FAE04EC0-301F-11D3-BF4B-00C04F79EFBC}") = "SignalR.Net.StartSignalr", "StartSignalr\SignalR.Net.StartSignalr.csproj", "{A540862C-87E4-4074-B679-5BFAE175C5B9}"
EndProject
Project("{2150E333-8FDC-42A3-9474-1A3956D46DE8}") = "SignalR", "SignalR", "{D9F790B9-2EC5-463C-A3B9-1735F07CCCCB}"
EndProject
Project("{2150E333-8FDC-42A3-9474-1A3956D46DE8}") = "WPF", "WPF", "{86C76B0A-6CAA-4DD2-BD82-F355CD8CE04C}"
EndProject
Project("{2150E333-8FDC-42A3-9474-1A3956D46DE8}") = "ASP.NET", "ASP.NET", "{6D56979C-D8F0-4955-9635-2219AA47B921}"
EndProject
Project("{2150E333-8FDC-42A3-9474-1A3956D46DE8}") = "ASP.NET CORE", "ASP.NET CORE", "{2667C49B-E7D7-47D3-AC11-B7539AEE3E5E}"
EndProject
Project("{2150E333-8FDC-42A3-9474-1A3956D46DE8}") = ".Net", ".Net", "{0D10829B-E9E6-48C6-BE2A-859F75309142}"
EndProject
Project("{FAE04EC0-301F-11D3-BF4B-00C04F79EFBC}") = "SignalR.Net.SignalRSelfHost", "SignalRSelfHost\SignalR.Net.SignalRSelfHost.csproj", "{3A996DAC-7A15-4A1F-BB36-6475D3A5835E}"
EndProject
Project("{FAE04EC0-301F-11D3-BF4B-00C04F79EFBC}") = "SignalR.Net.JavaScriptClient", "JavaScriptClient\SignalR.Net.JavaScriptClient.csproj", "{15D7D8C7-7629-4A65-BBA7-417F80E8556D}"
EndProject
Project("{2150E333-8FDC-42A3-9474-1A3956D46DE8}") = ".Net Core", ".Net Core", "{360B2802-2EE5-4ED4-9E30-4F7998342888}"
EndProject
Project("{2150E333-8FDC-42A3-9474-1A3956D46DE8}") = "Web API", "Web API", "{FDBB07C5-4313-48D0-A487-CCD19EB4FCB8}"
EndProject
Project("{9A19103F-16F7-4668-BE54-9A1E7A4F7556}") = "AspNetCore.WebApi.Swagger", "AspNetCore.WebApi.Swagger\AspNetCore.WebApi.Swagger.csproj", "{BD906F85-8C17-4ADB-A512-E297E032236E}"
EndProject
Project("{2150E333-8FDC-42A3-9474-1A3956D46DE8}") = "MVC", "MVC", "{C575B2E6-3CF1-4983-9116-24F32BD41E4D}"
EndProject
Project("{9A19103F-16F7-4668-BE54-9A1E7A4F7556}") = "AspNetCore.MVC.Redis", "AspNetCore.MVC.Redis\AspNetCore.MVC.Redis.csproj", "{B84ABC7A-FD1D-417A-A9DD-C6DDB8C137AB}"
EndProject
Project("{2150E333-8FDC-42A3-9474-1A3956D46DE8}") = "Tools", "Tools", "{AA129E19-91CA-4041-8D8C-83589483BD6B}"
EndProject
Project("{FAE04EC0-301F-11D3-BF4B-00C04F79EFBC}") = "NPOI", "NPOI\NPOI.csproj", "{D4C1DCEE-277A-4E84-8003-9DEDA10170B8}"
EndProject
Global
	GlobalSection(SolutionConfigurationPlatforms) = preSolution
		Debug|Any CPU = Debug|Any CPU
		Release|Any CPU = Release|Any CPU
	EndGlobalSection
	GlobalSection(ProjectConfigurationPlatforms) = postSolution
		{A540862C-87E4-4074-B679-5BFAE175C5B9}.Debug|Any CPU.ActiveCfg = Debug|Any CPU
		{A540862C-87E4-4074-B679-5BFAE175C5B9}.Debug|Any CPU.Build.0 = Debug|Any CPU
		{A540862C-87E4-4074-B679-5BFAE175C5B9}.Release|Any CPU.ActiveCfg = Release|Any CPU
		{A540862C-87E4-4074-B679-5BFAE175C5B9}.Release|Any CPU.Build.0 = Release|Any CPU
		{3A996DAC-7A15-4A1F-BB36-6475D3A5835E}.Debug|Any CPU.ActiveCfg = Debug|Any CPU
		{3A996DAC-7A15-4A1F-BB36-6475D3A5835E}.Debug|Any CPU.Build.0 = Debug|Any CPU
		{3A996DAC-7A15-4A1F-BB36-6475D3A5835E}.Release|Any CPU.ActiveCfg = Release|Any CPU
		{3A996DAC-7A15-4A1F-BB36-6475D3A5835E}.Release|Any CPU.Build.0 = Release|Any CPU
		{15D7D8C7-7629-4A65-BBA7-417F80E8556D}.Debug|Any CPU.ActiveCfg = Debug|Any CPU
		{15D7D8C7-7629-4A65-BBA7-417F80E8556D}.Debug|Any CPU.Build.0 = Debug|Any CPU
		{15D7D8C7-7629-4A65-BBA7-417F80E8556D}.Release|Any CPU.ActiveCfg = Release|Any CPU
		{15D7D8C7-7629-4A65-BBA7-417F80E8556D}.Release|Any CPU.Build.0 = Release|Any CPU
		{BD906F85-8C17-4ADB-A512-E297E032236E}.Debug|Any CPU.ActiveCfg = Debug|Any CPU
		{BD906F85-8C17-4ADB-A512-E297E032236E}.Debug|Any CPU.Build.0 = Debug|Any CPU
		{BD906F85-8C17-4ADB-A512-E297E032236E}.Release|Any CPU.ActiveCfg = Release|Any CPU
		{BD906F85-8C17-4ADB-A512-E297E032236E}.Release|Any CPU.Build.0 = Release|Any CPU
		{B84ABC7A-FD1D-417A-A9DD-C6DDB8C137AB}.Debug|Any CPU.ActiveCfg = Debug|Any CPU
		{B84ABC7A-FD1D-417A-A9DD-C6DDB8C137AB}.Debug|Any CPU.Build.0 = Debug|Any CPU
		{B84ABC7A-FD1D-417A-A9DD-C6DDB8C137AB}.Release|Any CPU.ActiveCfg = Release|Any CPU
		{B84ABC7A-FD1D-417A-A9DD-C6DDB8C137AB}.Release|Any CPU.Build.0 = Release|Any CPU
		{D4C1DCEE-277A-4E84-8003-9DEDA10170B8}.Debug|Any CPU.ActiveCfg = Debug|Any CPU
		{D4C1DCEE-277A-4E84-8003-9DEDA10170B8}.Debug|Any CPU.Build.0 = Debug|Any CPU
		{D4C1DCEE-277A-4E84-8003-9DEDA10170B8}.Release|Any CPU.ActiveCfg = Release|Any CPU
		{D4C1DCEE-277A-4E84-8003-9DEDA10170B8}.Release|Any CPU.Build.0 = Release|Any CPU
	EndGlobalSection
	GlobalSection(SolutionProperties) = preSolution
		HideSolutionNode = FALSE
	EndGlobalSection
	GlobalSection(NestedProjects) = preSolution
		{A540862C-87E4-4074-B679-5BFAE175C5B9} = {0D10829B-E9E6-48C6-BE2A-859F75309142}
		{0D10829B-E9E6-48C6-BE2A-859F75309142} = {D9F790B9-2EC5-463C-A3B9-1735F07CCCCB}
		{3A996DAC-7A15-4A1F-BB36-6475D3A5835E} = {0D10829B-E9E6-48C6-BE2A-859F75309142}
		{15D7D8C7-7629-4A65-BBA7-417F80E8556D} = {0D10829B-E9E6-48C6-BE2A-859F75309142}
		{360B2802-2EE5-4ED4-9E30-4F7998342888} = {D9F790B9-2EC5-463C-A3B9-1735F07CCCCB}
		{FDBB07C5-4313-48D0-A487-CCD19EB4FCB8} = {2667C49B-E7D7-47D3-AC11-B7539AEE3E5E}
		{BD906F85-8C17-4ADB-A512-E297E032236E} = {FDBB07C5-4313-48D0-A487-CCD19EB4FCB8}
		{C575B2E6-3CF1-4983-9116-24F32BD41E4D} = {2667C49B-E7D7-47D3-AC11-B7539AEE3E5E}
		{B84ABC7A-FD1D-417A-A9DD-C6DDB8C137AB} = {C575B2E6-3CF1-4983-9116-24F32BD41E4D}
		{D4C1DCEE-277A-4E84-8003-9DEDA10170B8} = {AA129E19-91CA-4041-8D8C-83589483BD6B}
	EndGlobalSection
	GlobalSection(ExtensibilityGlobals) = postSolution
		SolutionGuid = {81D6A21C-E547-4566-94F6-D72A35CD04A2}
	EndGlobalSection
EndGlobal
